
Microsoft Visual Studio Solution File, Format Version 12.00
# Visual Studio Version 17
VisualStudioVersion = 17.10.35004.147
MinimumVisualStudioVersion = 10.0.40219.1
Project("{FAE04EC0-301F-11D3-BF4B-00C04F79EFBC}") = "CLOUD", "CLOUD\CLOUD.csproj", "{9940C4EA-9D7A-4C18-8952-55CC148E6395}"
EndProject
Global
	GlobalSection(SolutionConfigurationPlatforms) = preSolution
		Debug|Any CPU = Debug|Any CPU
		Release|Any CPU = Release|Any CPU
	EndGlobalSection
	GlobalSection(ProjectConfigurationPlatforms) = postSolution
		{9940C4EA-9D7A-4C18-8952-55CC148E6395}.Debug|Any CPU.ActiveCfg = Debug|Any CPU
		{9940C4EA-9D7A-4C18-8952-55CC148E6395}.Debug|Any CPU.Build.0 = Debug|Any CPU
		{9940C4EA-9D7A-4C18-8952-55CC148E6395}.Release|Any CPU.ActiveCfg = Release|Any CPU
		{9940C4EA-9D7A-4C18-8952-55CC148E6395}.Release|Any CPU.Build.0 = Release|Any CPU
	EndGlobalSection
	GlobalSection(SolutionProperties) = preSolution
		HideSolutionNode = FALSE
	EndGlobalSection
	GlobalSection(ExtensibilityGlobals) = postSolution
		SolutionGuid = {3122514F-76AC-4096-9A15-EB596516F884}
	EndGlobalSection
EndGlobal
